
Microsoft Visual Studio Solution File, Format Version 12.00
# Visual Studio 14
VisualStudioVersion = 14.0.25123.0
MinimumVisualStudioVersion = 10.0.40219.1
Project("{FAE04EC0-301F-11D3-BF4B-00C04F79EFBC}") = "ProyectoSiis2", "ProyectoSiis2\ProyectoSiis2.csproj", "{27820848-0D97-485D-AF29-B7BD8042FAF1}"
EndProject
Project("{FAE04EC0-301F-11D3-BF4B-00C04F79EFBC}") = "LayerData", "LayerData\LayerData.csproj", "{8A9E5714-56C9-4BF7-88D0-2333EAE7F14B}"
EndProject
Project("{FAE04EC0-301F-11D3-BF4B-00C04F79EFBC}") = "LayerBusiness", "LayerBusiness\LayerBusiness.csproj", "{ED344E18-86AE-490F-BDFC-A418F32DFD20}"
EndProject
Global
	GlobalSection(SolutionConfigurationPlatforms) = preSolution
		Debug|Any CPU = Debug|Any CPU
		Release|Any CPU = Release|Any CPU
	EndGlobalSection
	GlobalSection(ProjectConfigurationPlatforms) = postSolution
		{27820848-0D97-485D-AF29-B7BD8042FAF1}.Debug|Any CPU.ActiveCfg = Debug|Any CPU
		{27820848-0D97-485D-AF29-B7BD8042FAF1}.Debug|Any CPU.Build.0 = Debug|Any CPU
		{27820848-0D97-485D-AF29-B7BD8042FAF1}.Release|Any CPU.ActiveCfg = Release|Any CPU
		{27820848-0D97-485D-AF29-B7BD8042FAF1}.Release|Any CPU.Build.0 = Release|Any CPU
		{8A9E5714-56C9-4BF7-88D0-2333EAE7F14B}.Debug|Any CPU.ActiveCfg = Debug|Any CPU
		{8A9E5714-56C9-4BF7-88D0-2333EAE7F14B}.Debug|Any CPU.Build.0 = Debug|Any CPU
		{8A9E5714-56C9-4BF7-88D0-2333EAE7F14B}.Release|Any CPU.ActiveCfg = Release|Any CPU
		{8A9E5714-56C9-4BF7-88D0-2333EAE7F14B}.Release|Any CPU.Build.0 = Release|Any CPU
		{ED344E18-86AE-490F-BDFC-A418F32DFD20}.Debug|Any CPU.ActiveCfg = Debug|Any CPU
		{ED344E18-86AE-490F-BDFC-A418F32DFD20}.Debug|Any CPU.Build.0 = Debug|Any CPU
		{ED344E18-86AE-490F-BDFC-A418F32DFD20}.Release|Any CPU.ActiveCfg = Release|Any CPU
		{ED344E18-86AE-490F-BDFC-A418F32DFD20}.Release|Any CPU.Build.0 = Release|Any CPU
	EndGlobalSection
	GlobalSection(SolutionProperties) = preSolution
		HideSolutionNode = FALSE
	EndGlobalSection
EndGlobal
